PODS:
  - YoutubePlayer-in-WKWebView (0.3.4)

DEPENDENCIES:
  - YoutubePlayer-in-WKWebView

SPEC REPOS:
  trunk:
    - YoutubePlayer-in-WKWebView

SPEC CHECKSUMS:
  YoutubePlayer-in-WKWebView: af2f5929fc78882d94bfdfeea999b661b78d9717

PODFILE CHECKSUM: 9e91e0397ae8ee1e4f9398b40fdb4279f71a17f8

COCOAPODS: 1.9.3
